
Microsoft Visual Studio Solution File, Format Version 12.00
# Visual Studio 14
VisualStudioVersion = 14.0.25420.1
MinimumVisualStudioVersion = 10.0.40219.1
Project("{FAE04EC0-301F-11D3-BF4B-00C04F79EFBC}") = "SingletonPattern", "SingletonPattern\SingletonPattern.csproj", "{9393EA02-17CC-44A0-B0FC-F43C90A0D322}"
EndProject
Project("{FAE04EC0-301F-11D3-BF4B-00C04F79EFBC}") = "FactoryPattern", "FactoryPattern\FactoryPattern.csproj", "{DBF173FA-5F8E-4991-A4AC-B8ECFC23F32A}"
EndProject
Global
	GlobalSection(SolutionConfigurationPlatforms) = preSolution
		Debug|Any CPU = Debug|Any CPU
		Release|Any CPU = Release|Any CPU
	EndGlobalSection
	GlobalSection(ProjectConfigurationPlatforms) = postSolution
		{9393EA02-17CC-44A0-B0FC-F43C90A0D322}.Debug|Any CPU.ActiveCfg = Debug|Any CPU
		{9393EA02-17CC-44A0-B0FC-F43C90A0D322}.Debug|Any CPU.Build.0 = Debug|Any CPU
		{9393EA02-17CC-44A0-B0FC-F43C90A0D322}.Release|Any CPU.ActiveCfg = Release|Any CPU
		{9393EA02-17CC-44A0-B0FC-F43C90A0D322}.Release|Any CPU.Build.0 = Release|Any CPU
		{DBF173FA-5F8E-4991-A4AC-B8ECFC23F32A}.Debug|Any CPU.ActiveCfg = Debug|Any CPU
		{DBF173FA-5F8E-4991-A4AC-B8ECFC23F32A}.Debug|Any CPU.Build.0 = Debug|Any CPU
		{DBF173FA-5F8E-4991-A4AC-B8ECFC23F32A}.Release|Any CPU.ActiveCfg = Release|Any CPU
		{DBF173FA-5F8E-4991-A4AC-B8ECFC23F32A}.Release|Any CPU.Build.0 = Release|Any CPU
	EndGlobalSection
	GlobalSection(SolutionProperties) = preSolution
		HideSolutionNode = FALSE
	EndGlobalSection
EndGlobal
